<?xml version="1.0" encoding="utf-8"?>
<Project ToolsVersion="4.0" xmlns="http://schemas.microsoft.com/developer/msbuild/2003">
  <ItemGroup>
    <MASM Include="main.asm" />
  </ItemGroup>
  <ItemGroup>
    <None Include="math\trig.asm" />
    <None Include="math\mat4.asm" />
    <None Include="math\vec.asm" />
    <None Include="objects\draw_objects.asm" />
    <None Include="listeners\keys.asm" />
    <None Include="utils.asm" />
    <None Include="shaders\shader_program.asm" />
  </ItemGroup>
</Project>